lockfileVersion: '9.0'

settings:
  autoInstallPeers: true
  excludeLinksFromLockfile: false

importers:

  .:
    devDependencies:
      turbo:
        specifier: ^2.8.10
        version: 2.8.10
      typescript:
        specifier: ^5.8.3
        version: 5.9.3

  apps/scraper:
    dependencies:
      '@trackrel/db':
        specifier: workspace:*
        version: link:../../packages/db
      '@trackrel/logger':
        specifier: workspace:*
        version: link:../../packages/logger
    devDependencies:
      '@trackrel/tsconfig':
        specifier: workspace:*
        version: link:../../packages/config/tsconfig
      typescript:
        specifier: ^5.8.3
        version: 5.9.3

  apps/web:
    dependencies:
      '@trackrel/db':
        specifier: workspace:*
        version: link:../../packages/db
      '@trackrel/logger':
        specifier: workspace:*
        version: link:../../packages/logger
      '@trackrel/ui':
        specifier: workspace:*
        version: link:../../packages/ui
    devDependencies:
      '@trackrel/tsconfig':
        specifier: workspace:*
        version: link:../../packages/config/tsconfig
      typescript:
        specifier: ^5.8.3
        version: 5.9.3

  packages/config/tsconfig: {}

  packages/db:
    dependencies:
      '@neondatabase/serverless':
        specifier: ^1.0.2
        version: 1.0.2
      drizzle-orm:
        specifier: ^0.45.1
        version: 0.45.1(@neondatabase/serverless@1.0.2)(@types/pg@8.16.0)
    devDependencies:
      '@trackrel/tsconfig':
        specifier: workspace:*
        version: link:../config/tsconfig
      typescript:
        specifier: ^5.8.3
        version: 5.9.3

  packages/logger:
    devDependencies:
      '@trackrel/tsconfig':
        specifier: workspace:*
        version: link:../config/tsconfig
      typescript:
        specifier: ^5.8.3
        version: 5.9.3

  packages/ui:
    devDependencies:
      '@trackrel/tsconfig':
        specifier: workspace:*
        version: link:../config/tsconfig
      typescript:
        specifier: ^5.8.3
        version: 5.9.3

packages:

  '@neondatabase/serverless@1.0.2':
    resolution: {integrity: sha512-I5sbpSIAHiB+b6UttofhrN/UJXII+4tZPAq1qugzwCwLIL8EZLV7F/JyHUrEIiGgQpEXzpnjlJ+zwcEhheGvCw==}
    engines: {node: '>=19.0.0'}

  '@types/node@22.19.11':
    resolution: {integrity: sha512-BH7YwL6rA93ReqeQS1c4bsPpcfOmJasG+Fkr6Y59q83f9M1WcBRHR2vM+P9eOisYRcN3ujQoiZY8uk5W+1WL8w==}

  '@types/pg@8.16.0':
    resolution: {integrity: sha512-RmhMd/wD+CF8Dfo+cVIy3RR5cl8CyfXQ0tGgW6XBL8L4LM/UTEbNXYRbLwU6w+CgrKBNbrQWt4FUtTfaU5jSYQ==}

  drizzle-orm@0.45.1:
    resolution: {integrity: sha512-Te0FOdKIistGNPMq2jscdqngBRfBpC8uMFVwqjf6gtTVJHIQ/dosgV/CLBU2N4ZJBsXL5savCba9b0YJskKdcA==}
    peerDependencies:
      '@aws-sdk/client-rds-data': '>=3'
      '@cloudflare/workers-types': '>=4'
      '@electric-sql/pglite': '>=0.2.0'
      '@libsql/client': '>=0.10.0'
      '@libsql/client-wasm': '>=0.10.0'
      '@neondatabase/serverless': '>=0.10.0'
      '@op-engineering/op-sqlite': '>=2'
      '@opentelemetry/api': ^1.4.1
      '@planetscale/database': '>=1.13'
      '@prisma/client': '*'
      '@tidbcloud/serverless': '*'
      '@types/better-sqlite3': '*'
      '@types/pg': '*'
      '@types/sql.js': '*'
      '@upstash/redis': '>=1.34.7'
      '@vercel/postgres': '>=0.8.0'
      '@xata.io/client': '*'
      better-sqlite3: '>=7'
      bun-types: '*'
      expo-sqlite: '>=14.0.0'
      gel: '>=2'
      knex: '*'
      kysely: '*'
      mysql2: '>=2'
      pg: '>=8'
      postgres: '>=3'
      prisma: '*'
      sql.js: '>=1'
      sqlite3: '>=5'
    peerDependenciesMeta:
      '@aws-sdk/client-rds-data':
        optional: true
      '@cloudflare/workers-types':
        optional: true
      '@electric-sql/pglite':
        optional: true
      '@libsql/client':
        optional: true
      '@libsql/client-wasm':
        optional: true
      '@neondatabase/serverless':
        optional: true
      '@op-engineering/op-sqlite':
        optional: true
      '@opentelemetry/api':
        optional: true
      '@planetscale/database':
        optional: true
      '@prisma/client':
        optional: true
      '@tidbcloud/serverless':
        optional: true
      '@types/better-sqlite3':
        optional: true
      '@types/pg':
        optional: true
      '@types/sql.js':
        optional: true
      '@upstash/redis':
        optional: true
      '@vercel/postgres':
        optional: true
      '@xata.io/client':
        optional: true
      better-sqlite3:
        optional: true
      bun-types:
        optional: true
      expo-sqlite:
        optional: true
      gel:
        optional: true
      knex:
        optional: true
      kysely:
        optional: true
      mysql2:
        optional: true
      pg:
        optional: true
      postgres:
        optional: true
      prisma:
        optional: true
      sql.js:
        optional: true
      sqlite3:
        optional: true

  pg-int8@1.0.1:
    resolution: {integrity: sha512-WCtabS6t3c8SkpDBUlb1kjOs7l66xsGdKpIPZsg4wR+B3+u9UAum2odSsF9tnvxg80h4ZxLWMy4pRjOsFIqQpw==}
    engines: {node: '>=4.0.0'}

  pg-protocol@1.11.0:
    resolution: {integrity: sha512-pfsxk2M9M3BuGgDOfuy37VNRRX3jmKgMjcvAcWqNDpZSf4cUmv8HSOl5ViRQFsfARFn0KuUQTgLxVMbNq5NW3g==}

  pg-types@2.2.0:
    resolution: {integrity: sha512-qTAAlrEsl8s4OiEQY69wDvcMIdQN6wdz5ojQiOy6YRMuynxenON0O5oCpJI6lshc6scgAY8qvJ2On/p+CXY0GA==}
    engines: {node: '>=4'}

  postgres-array@2.0.0:
    resolution: {integrity: sha512-VpZrUqU5A69eQyW2c5CA1jtLecCsN2U/bD6VilrFDWq5+5UIEVO7nazS3TEcHf1zuPYO/sqGvUvW62g86RXZuA==}
    engines: {node: '>=4'}

  postgres-bytea@1.0.1:
    resolution: {integrity: sha512-5+5HqXnsZPE65IJZSMkZtURARZelel2oXUEO8rH83VS/hxH5vv1uHquPg5wZs8yMAfdv971IU+kcPUczi7NVBQ==}
    engines: {node: '>=0.10.0'}

  postgres-date@1.0.7:
    resolution: {integrity: sha512-suDmjLVQg78nMK2UZ454hAG+OAW+HQPZ6n++TNDUX+L0+uUlLywnoxJKDou51Zm+zTCjrCl0Nq6J9C5hP9vK/Q==}
    engines: {node: '>=0.10.0'}

  postgres-interval@1.2.0:
    resolution: {integrity: sha512-9ZhXKM/rw350N1ovuWHbGxnGh/SNJ4cnxHiM0rxE4VN41wsg8P8zWn9hv/buK00RP4WvlOyr/RBDiptyxVbkZQ==}
    engines: {node: '>=0.10.0'}

  turbo-darwin-64@2.8.10:
    resolution: {integrity: sha512-A03fXh+B7S8mL3PbdhTd+0UsaGrhfyPkODvzBDpKRY7bbeac4MDFpJ7I+Slf2oSkCEeSvHKR7Z4U71uKRUfX7g==}
    cpu: [x64]
    os: [darwin]

  turbo-darwin-arm64@2.8.10:
    resolution: {integrity: sha512-sidzowgWL3s5xCHLeqwC9M3s9M0i16W1nuQF3Mc7fPHpZ+YPohvcbVFBB2uoRRHYZg6yBnwD4gyUHKTeXfwtXA==}
    cpu: [arm64]
    os: [darwin]

  turbo-linux-64@2.8.10:
    resolution: {integrity: sha512-YK9vcpL3TVtqonB021XwgaQhY9hJJbKKUhLv16osxV0HkcQASQWUqR56yMge7puh6nxU67rQlTq1b7ksR1T3KA==}
    cpu: [x64]
    os: [linux]

  turbo-linux-arm64@2.8.10:
    resolution: {integrity: sha512-3+j2tL0sG95iBJTm+6J8/45JsETQABPqtFyYjVjBbi6eVGdtNTiBmHNKrbvXRlQ3ZbUG75bKLaSSDHSEEN+btQ==}
    cpu: [arm64]
    os: [linux]

  turbo-windows-64@2.8.10:
    resolution: {integrity: sha512-hdeF5qmVY/NFgiucf8FW0CWJWtyT2QPm5mIsX0W1DXAVzqKVXGq+Zf+dg4EUngAFKjDzoBeN6ec2Fhajwfztkw==}
    cpu: [x64]
    os: [win32]

  turbo-windows-arm64@2.8.10:
    resolution: {integrity: sha512-QGdr/Q8LWmj+ITMkSvfiz2glf0d7JG0oXVzGL3jxkGqiBI1zXFj20oqVY0qWi+112LO9SVrYdpHS0E/oGFrMbQ==}
    cpu: [arm64]
    os: [win32]

  turbo@2.8.10:
    resolution: {integrity: sha512-OxbzDES66+x7nnKGg2MwBA1ypVsZoDTLHpeaP4giyiHSixbsiTaMyeJqbEyvBdp5Cm28fc+8GG6RdQtic0ijwQ==}
    hasBin: true

  typescript@5.9.3:
    resolution: {integrity: sha512-jl1vZzPDinLr9eUt3J/t7V6FgNEw9QjvBPdysz9KfQDD41fQrC2Y4vKQdiaUpFT4bXlb1RHhLpp8wtm6M5TgSw==}
    engines: {node: '>=14.17'}
    hasBin: true

  undici-types@6.21.0:
    resolution: {integrity: sha512-iwDZqg0QAGrg9Rav5H4n0M64c3mkR59cJ6wQp+7C4nI0gsmExaedaYLNO44eT4AtBBwjbTiGPMlt2Md0T9H9JQ==}

  xtend@4.0.2:
    resolution: {integrity: sha512-LKYU1iAXJXUgAXn9URjiu+MWhyUXHsvfp7mcuYm9dSUKK0/CjtrUwFAxD82/mCWbtLsGjFIad0wIsod4zrTAEQ==}
    engines: {node: '>=0.4'}

snapshots:

  '@neondatabase/serverless@1.0.2':
    dependencies:
      '@types/node': 22.19.11
      '@types/pg': 8.16.0

  '@types/node@22.19.11':
    dependencies:
      undici-types: 6.21.0

  '@types/pg@8.16.0':
    dependencies:
      '@types/node': 22.19.11
      pg-protocol: 1.11.0
      pg-types: 2.2.0

  drizzle-orm@0.45.1(@neondatabase/serverless@1.0.2)(@types/pg@8.16.0):
    optionalDependencies:
      '@neondatabase/serverless': 1.0.2
      '@types/pg': 8.16.0

  pg-int8@1.0.1: {}

  pg-protocol@1.11.0: {}

  pg-types@2.2.0:
    dependencies:
      pg-int8: 1.0.1
      postgres-array: 2.0.0
      postgres-bytea: 1.0.1
      postgres-date: 1.0.7
      postgres-interval: 1.2.0

  postgres-array@2.0.0: {}

  postgres-bytea@1.0.1: {}

  postgres-date@1.0.7: {}

  postgres-interval@1.2.0:
    dependencies:
      xtend: 4.0.2

  turbo-darwin-64@2.8.10:
    optional: true

  turbo-darwin-arm64@2.8.10:
    optional: true

  turbo-linux-64@2.8.10:
    optional: true

  turbo-linux-arm64@2.8.10:
    optional: true

  turbo-windows-64@2.8.10:
    optional: true

  turbo-windows-arm64@2.8.10:
    optional: true

  turbo@2.8.10:
    optionalDependencies:
      turbo-darwin-64: 2.8.10
      turbo-darwin-arm64: 2.8.10
      turbo-linux-64: 2.8.10
      turbo-linux-arm64: 2.8.10
      turbo-windows-64: 2.8.10
      turbo-windows-arm64: 2.8.10

  typescript@5.9.3: {}

  undici-types@6.21.0: {}

  xtend@4.0.2: {}
